// !$*UTF8*$!
{
	archiveVersion = 1;
	classes = {
	};
	objectVersion = 50;
	objects = {

/* Begin PBXBuildFile section */
		AF7E48A726D51B6500D55629 /* AppDelegate.swift in Sources */ = {isa = PBXBuildFile; fileRef = AF7E48A626D51B6500D55629 /* AppDelegate.swift */; };
		AF7E48A926D51B6500D55629 /* SceneDelegate.swift in Sources */ = {isa = PBXBuildFile; fileRef = AF7E48A826D51B6500D55629 /* SceneDelegate.swift */; };
		AF7E48AB26D51B6500D55629 /* ViewController.swift in Sources */ = {isa = PBXBuildFile; fileRef = AF7E48AA26D51B6500D55629 /* ViewController.swift */; };
		AF7E48AE26D51B6500D55629 /* Main.storyboard in Resources */ = {isa = PBXBuildFile; fileRef = AF7E48AC26D51B6500D55629 /* Main.storyboard */; };
		AF7E48B126D51B6500D55629 /* DemoApp.xcdatamodeld in Sources */ = {isa = PBXBuildFile; fileRef = AF7E48AF26D51B6500D55629 /* DemoApp.xcdatamodeld */; };
		AF7E48B326D51B6900D55629 /* Assets.xcassets in Resources */ = {isa = PBXBuildFile; fileRef = AF7E48B226D51B6900D55629 /* Assets.xcassets */; };
		AF7E48B626D51B6900D55629 /* LaunchScreen.storyboard in Resources */ = {isa = PBXBuildFile; fileRef = AF7E48B426D51B6900D55629 /* LaunchScreen.storyboard */; };
		AF7E48C126D51B6900D55629 /* DemoAppTests.swift in Sources */ = {isa = PBXBuildFile; fileRef = AF7E48C026D51B6900D55629 /* DemoAppTests.swift */; };
		AF7E48CC26D51B6900D55629 /* DemoAppUITests.swift in Sources */ = {isa = PBXBuildFile; fileRef = AF7E48CB26D51B6900D55629 /* DemoAppUITests.swift */; };
/* End PBXBuildFile section */

/* Begin PBXContainerItemProxy section */
		AF7E48BD26D51B6900D55629 /* PBXContainerItemProxy */ = {
			isa = PBXContainerItemProxy;
			containerPortal = AF7E489B26D51B6500D55629 /* Project object */;
			proxyType = 1;
			remoteGlobalIDString = AF7E48A226D51B6500D55629;
			remoteInfo = DemoApp;
		};
		AF7E48C826D51B6900D55629 /* PBXContainerItemProxy */ = {
			isa = PBXContainerItemProxy;
			containerPortal = AF7E489B26D51B6500D55629 /* Project object */;
			proxyType = 1;
			remoteGlobalIDString = AF7E48A226D51B6500D55629;
			remoteInfo = DemoApp;
		};
/* End PBXContainerItemProxy section */

/* Begin PBXFileReference section */
		AF7E48A326D51B6500D55629 /* DemoApp.app */ = {isa = PBXFileReference; explicitFileType = wrapper.application; includeInIndex = 0; path = DemoApp.app; sourceTree = BUILT_PRODUCTS_DIR; };
		AF7E48A626D51B6500D55629 /* AppDelegate.swift */ = {isa = PBXFileReference; lastKnownFileType = sourcecode.swift; path = AppDelegate.swift; sourceTree = "<group>"; };
		AF7E48A826D51B6500D55629 /* SceneDelegate.swift */ = {isa = PBXFileReference; lastKnownFileType = sourcecode.swift; path = SceneDelegate.swift; sourceTree = "<group>"; };
		AF7E48AA26D51B6500D55629 /* ViewController.swift */ = {isa = PBXFileReference; lastKnownFileType = sourcecode.swift; path = ViewController.swift; sourceTree = "<group>"; };
		AF7E48AD26D51B6500D55629 /* Base */ = {isa = PBXFileReference; lastKnownFileType = file.storyboard; name = Base; path = Base.lproj/Main.storyboard; sourceTree = "<group>"; };
		AF7E48B026D51B6500D55629 /* DemoApp.xcdatamodel */ = {isa = PBXFileReference; lastKnownFileType = wrapper.xcdatamodel; path = DemoApp.xcdatamodel; sourceTree = "<group>"; };
		AF7E48B226D51B6900D55629 /* Assets.xcassets */ = {isa = PBXFileReference; lastKnownFileType = folder.assetcatalog; path = Assets.xcassets; sourceTree = "<group>"; };
		AF7E48B526D51B6900D55629 /* Base */ = {isa = PBXFileReference; lastKnownFileType = file.storyboard; name = Base; path = Base.lproj/LaunchScreen.storyboard; sourceTree = "<group>"; };
		AF7E48B726D51B6900D55629 /* Info.plist */ = {isa = PBXFileReference; lastKnownFileType = text.plist.xml; path = Info.plist; sourceTree = "<group>"; };
		AF7E48BC26D51B6900D55629 /* DemoAppTests.xctest */ = {isa = PBXFileReference; explicitFileType = wrapper.cfbundle; includeInIndex = 0; path = DemoAppTests.xctest; sourceTree = BUILT_PRODUCTS_DIR; };
		AF7E48C026D51B6900D55629 /* DemoAppTests.swift */ = {isa = PBXFileReference; lastKnownFileType = sourcecode.swift; path = DemoAppTests.swift; sourceTree = "<group>"; };
		AF7E48C226D51B6900D55629 /* Info.plist */ = {isa = PBXFileReference; lastKnownFileType = text.plist.xml; path = Info.plist; sourceTree = "<group>"; };
		AF7E48C726D51B6900D55629 /* DemoAppUITests.xctest */ = {isa = PBXFileReference; explicitFileType = wrapper.cfbundle; includeInIndex = 0; path = DemoAppUITests.xctest; sourceTree = BUILT_PRODUCTS_DIR; };
		AF7E48CB26D51B6900D55629 /* DemoAppUITests.swift */ = {isa = PBXFileReference; lastKnownFileType = sourcecode.swift; path = DemoAppUITests.swift; sourceTree = "<group>"; };
		AF7E48CD26D51B6900D55629 /* Info.plist */ = {isa = PBXFileReference; lastKnownFileType = text.plist.xml; path = Info.plist; sourceTree = "<group>"; };
/* End PBXFileReference section */

/* Begin PBXFrameworksBuildPhase section */
		AF7E48A026D51B6500D55629 /* Frameworks */ = {
			isa = PBXFrameworksBuildPhase;
			buildActionMask = 2147483647;
			files = (
			);
			runOnlyForDeploymentPostprocessing = 0;
		};
		AF7E48B926D51B6900D55629 /* Frameworks */ = {
			isa = PBXFrameworksBuildPhase;
			buildActionMask = 2147483647;
			files = (
			);
			runOnlyForDeploymentPostprocessing = 0;
		};
		AF7E48C426D51B6900D55629 /* Frameworks */ = {
			isa = PBXFrameworksBuildPhase;
			buildActionMask = 2147483647;
			files = (
			);
			runOnlyForDeploymentPostprocessing = 0;
		};
/* End PBXFrameworksBuildPhase section */

/* Begin PBXGroup section */
		AF7E489A26D51B6500D55629 = {
			isa = PBXGroup;
			children = (
				AF7E48A526D51B6500D55629 /* DemoApp */,
				AF7E48BF26D51B6900D55629 /* DemoAppTests */,
				AF7E48CA26D51B6900D55629 /* DemoAppUITests */,
				AF7E48A426D51B6500D55629 /* Products */,
			);
			sourceTree = "<group>";
		};
		AF7E48A426D51B6500D55629 /* Products */ = {
			isa = PBXGroup;
			children = (
				AF7E48A326D51B6500D55629 /* DemoApp.app */,
				AF7E48BC26D51B6900D55629 /* DemoAppTests.xctest */,
				AF7E48C726D51B6900D55629 /* DemoAppUITests.xctest */,
			);
			name = Products;
			sourceTree = "<group>";
		};
		AF7E48A526D51B6500D55629 /* DemoApp */ = {
			isa = PBXGroup;
			children = (
				AF7E48A626D51B6500D55629 /* AppDelegate.swift */,
				AF7E48A826D51B6500D55629 /* SceneDelegate.swift */,
				AF7E48AA26D51B6500D55629 /* ViewController.swift */,
				AF7E48AC26D51B6500D55629 /* Main.storyboard */,
				AF7E48B226D51B6900D55629 /* Assets.xcassets */,
				AF7E48B426D51B6900D55629 /* LaunchScreen.storyboard */,
				AF7E48B726D51B6900D55629 /* Info.plist */,
				AF7E48AF26D51B6500D55629 /* DemoApp.xcdatamodeld */,
			);
			path = DemoApp;
			sourceTree = "<group>";
		};
		AF7E48BF26D51B6900D55629 /* DemoAppTests */ = {
			isa = PBXGroup;
			children = (
				AF7E48C026D51B6900D55629 /* DemoAppTests.swift */,
				AF7E48C226D51B6900D55629 /* Info.plist */,
			);
			path = DemoAppTests;
			sourceTree = "<group>";
		};
		AF7E48CA26D51B6900D55629 /* DemoAppUITests */ = {
			isa = PBXGroup;
			children = (
				AF7E48CB26D51B6900D55629 /* DemoAppUITests.swift */,
				AF7E48CD26D51B6900D55629 /* Info.plist */,
			);
			path = DemoAppUITests;
			sourceTree = "<group>";
		};
/* End PBXGroup section */

/* Begin PBXNativeTarget section */
		AF7E48A226D51B6500D55629 /* DemoApp */ = {
			isa = PBXNativeTarget;
			buildConfigurationList = AF7E48D026D51B6900D55629 /* Build configuration list for PBXNativeTarget "DemoApp" */;
			buildPhases = (
				AF7E489F26D51B6500D55629 /* Sources */,
				AF7E48A026D51B6500D55629 /* Frameworks */,
				AF7E48A126D51B6500D55629 /* Resources */,
			);
			buildRules = (
			);
			dependencies = (
			);
			name = DemoApp;
			productName = DemoApp;
			productReference = AF7E48A326D51B6500D55629 /* DemoApp.app */;
			productType = "com.apple.product-type.application";
		};
		AF7E48BB26D51B6900D55629 /* DemoAppTests */ = {
			isa = PBXNativeTarget;
			buildConfigurationList = AF7E48D326D51B6900D55629 /* Build configuration list for PBXNativeTarget "DemoAppTests" */;
			buildPhases = (
				AF7E48B826D51B6900D55629 /* Sources */,
				AF7E48B926D51B6900D55629 /* Frameworks */,
				AF7E48BA26D51B6900D55629 /* Resources */,
			);
			buildRules = (
			);
			dependencies = (
				AF7E48BE26D51B6900D55629 /* PBXTargetDependency */,
			);
			name = DemoAppTests;
			productName = DemoAppTests;
			productReference = AF7E48BC26D51B6900D55629 /* DemoAppTests.xctest */;
			productType = "com.apple.product-type.bundle.unit-test";
		};
		AF7E48C626D51B6900D55629 /* DemoAppUITests */ = {
			isa = PBXNativeTarget;
			buildConfigurationList = AF7E48D626D51B6900D55629 /* Build configuration list for PBXNativeTarget "DemoAppUITests" */;
			buildPhases = (
				AF7E48C326D51B6900D55629 /* Sources */,
				AF7E48C426D51B6900D55629 /* Frameworks */,
				AF7E48C526D51B6900D55629 /* Resources */,
			);
			buildRules = (
			);
			dependencies = (
				AF7E48C926D51B6900D55629 /* PBXTargetDependency */,
			);
			name = DemoAppUITests;
			productName = DemoAppUITests;
			productReference = AF7E48C726D51B6900D55629 /* DemoAppUITests.xctest */;
			productType = "com.apple.product-type.bundle.ui-testing";
		};
/* End PBXNativeTarget section */

/* Begin PBXProject section */
		AF7E489B26D51B6500D55629 /* Project object */ = {
			isa = PBXProject;
			attributes = {
				LastSwiftUpdateCheck = 1250;
				LastUpgradeCheck = 1250;
				TargetAttributes = {
					AF7E48A226D51B6500D55629 = {
						CreatedOnToolsVersion = 12.5.1;
					};
					AF7E48BB26D51B6900D55629 = {
						CreatedOnToolsVersion = 12.5.1;
						TestTargetID = AF7E48A226D51B6500D55629;
					};
					AF7E48C626D51B6900D55629 = {
						CreatedOnToolsVersion = 12.5.1;
						TestTargetID = AF7E48A226D51B6500D55629;
					};
				};
			};
			buildConfigurationList = AF7E489E26D51B6500D55629 /* Build configuration list for PBXProject "DemoApp" */;
			compatibilityVersion = "Xcode 9.3";
			developmentRegion = en;
			hasScannedForEncodings = 0;
			knownRegions = (
				en,
				Base,
			);
			mainGroup = AF7E489A26D51B6500D55629;
			productRefGroup = AF7E48A426D51B6500D55629 /* Products */;
			projectDirPath = "";
			projectRoot = "";
			targets = (
				AF7E48A226D51B6500D55629 /* DemoApp */,
				AF7E48BB26D51B6900D55629 /* DemoAppTests */,
				AF7E48C626D51B6900D55629 /* DemoAppUITests */,
			);
		};
/* End PBXProject section */

/* Begin PBXResourcesBuildPhase section */
		AF7E48A126D51B6500D55629 /* Resources */ = {
			isa = PBXResourcesBuildPhase;
			buildActionMask = 2147483647;
			files = (
				AF7E48B626D51B6900D55629 /* LaunchScreen.storyboard in Resources */,
				AF7E48B326D51B6900D55629 /* Assets.xcassets in Resources */,
				AF7E48AE26D51B6500D55629 /* Main.storyboard in Resources */,
			);
			runOnlyForDeploymentPostprocessing = 0;
		};
		AF7E48BA26D51B6900D55629 /* Resources */ = {
			isa = PBXResourcesBuildPhase;
			buildActionMask = 2147483647;
			files = (
			);
			runOnlyForDeploymentPostprocessing = 0;
		};
		AF7E48C526D51B6900D55629 /* Resources */ = {
			isa = PBXResourcesBuildPhase;
			buildActionMask = 2147483647;
			files = (
			);
			runOnlyForDeploymentPostprocessing = 0;
		};
/* End PBXResourcesBuildPhase section */

/* Begin PBXSourcesBuildPhase section */
		AF7E489F26D51B6500D55629 /* Sources */ = {
			isa = PBXSourcesBuildPhase;
			buildActionMask = 2147483647;
			files = (
				AF7E48AB26D51B6500D55629 /* ViewController.swift in Sources */,
				AF7E48A726D51B6500D55629 /* AppDelegate.swift in Sources */,
				AF7E48B126D51B6500D55629 /* DemoApp.xcdatamodeld in Sources */,
				AF7E48A926D51B6500D55629 /* SceneDelegate.swift in Sources */,
			);
			runOnlyForDeploymentPostprocessing = 0;
		};
		AF7E48B826D51B6900D55629 /* Sources */ = {
			isa = PBXSourcesBuildPhase;
			buildActionMask = 2147483647;
			files = (
				AF7E48C126D51B6900D55629 /* DemoAppTests.swift in Sources */,
			);
			runOnlyForDeploymentPostprocessing = 0;
		};
		AF7E48C326D51B6900D55629 /* Sources */ = {
			isa = PBXSourcesBuildPhase;
			buildActionMask = 2147483647;
			files = (
				AF7E48CC26D51B6900D55629 /* DemoAppUITests.swift in Sources */,
			);
			runOnlyForDeploymentPostprocessing = 0;
		};
/* End PBXSourcesBuildPhase section */

/* Begin PBXTargetDependency section */
		AF7E48BE26D51B6900D55629 /* PBXTargetDependency */ = {
			isa = PBXTargetDependency;
			target = AF7E48A226D51B6500D55629 /* DemoApp */;
			targetProxy = AF7E48BD26D51B6900D55629 /* PBXContainerItemProxy */;
		};
		AF7E48C926D51B6900D55629 /* PBXTargetDependency */ = {
			isa = PBXTargetDependency;
			target = AF7E48A226D51B6500D55629 /* DemoApp */;
			targetProxy = AF7E48C826D51B6900D55629 /* PBXContainerItemProxy */;
		};
/* End PBXTargetDependency section */

/* Begin PBXVariantGroup section */
		AF7E48AC26D51B6500D55629 /* Main.storyboard */ = {
			isa = PBXVariantGroup;
			children = (
				AF7E48AD26D51B6500D55629 /* Base */,
			);
			name = Main.storyboard;
			sourceTree = "<group>";
		};
		AF7E48B426D51B6900D55629 /* LaunchScreen.storyboard */ = {
			isa = PBXVariantGroup;
			children = (
				AF7E48B526D51B6900D55629 /* Base */,
			);
			name = LaunchScreen.storyboard;
			sourceTree = "<group>";
		};
/* End PBXVariantGroup section */

/* Begin XCBuildConfiguration section */
		AF7E48CE26D51B6900D55629 /* Debug */ = {
			isa = XCBuildConfiguration;
			buildSettings = {
				ALWAYS_SEARCH_USER_PATHS = NO;
				CLANG_ANALYZER_NONNULL = YES;
				CLANG_ANALYZER_NUMBER_OBJECT_CONVERSION = YES_AGGRESSIVE;
				CLANG_CXX_LANGUAGE_STANDARD = "gnu++14";
				CLANG_CXX_LIBRARY = "libc++";
				CLANG_ENABLE_MODULES = YES;
				CLANG_ENABLE_OBJC_ARC = YES;
				CLANG_ENABLE_OBJC_WEAK = YES;
				CLANG_WARN_BLOCK_CAPTURE_AUTORELEASING = YES;
				CLANG_WARN_BOOL_CONVERSION = YES;
				CLANG_WARN_COMMA = YES;
				CLANG_WARN_CONSTANT_CONVERSION = YES;
				CLANG_WARN_DEPRECATED_OBJC_IMPLEMENTATIONS = YES;
				CLANG_WARN_DIRECT_OBJC_ISA_USAGE = YES_ERROR;
				CLANG_WARN_DOCUMENTATION_COMMENTS = YES;
				CLANG_WARN_EMPTY_BODY = YES;
				CLANG_WARN_ENUM_CONVERSION = YES;
				CLANG_WARN_INFINITE_RECURSION = YES;
				CLANG_WARN_INT_CONVERSION = YES;
				CLANG_WARN_NON_LITERAL_NULL_CONVERSION = YES;
				CLANG_WARN_OBJC_IMPLICIT_RETAIN_SELF = YES;
				CLANG_WARN_OBJC_LITERAL_CONVERSION = YES;
				CLANG_WARN_OBJC_ROOT_CLASS = YES_ERROR;
				CLANG_WARN_QUOTED_INCLUDE_IN_FRAMEWORK_HEADER = YES;
				CLANG_WARN_RANGE_LOOP_ANALYSIS = YES;
				CLANG_WARN_STRICT_PROTOTYPES = YES;
				CLANG_WARN_SUSPICIOUS_MOVE = YES;
				CLANG_WARN_UNGUARDED_AVAILABILITY = YES_AGGRESSIVE;
				CLANG_WARN_UNREACHABLE_CODE = YES;
				CLANG_WARN__DUPLICATE_METHOD_MATCH = YES;
				COPY_PHASE_STRIP = NO;
				DEBUG_INFORMATION_FORMAT = dwarf;
				ENABLE_STRICT_OBJC_MSGSEND = YES;
				ENABLE_TESTABILITY = YES;
				GCC_C_LANGUAGE_STANDARD = gnu11;
				GCC_DYNAMIC_NO_PIC = NO;
				GCC_NO_COMMON_BLOCKS = YES;
				GCC_OPTIMIZATION_LEVEL = 0;
				GCC_PREPROCESSOR_DEFINITIONS = (
					"DEBUG=1",
					"$(inherited)",
				);
				GCC_WARN_64_TO_32_BIT_CONVERSION = YES;
				GCC_WARN_ABOUT_RETURN_TYPE = YES_ERROR;
				GCC_WARN_UNDECLARED_SELECTOR = YES;
				GCC_WARN_UNINITIALIZED_AUTOS = YES_AGGRESSIVE;
				GCC_WARN_UNUSED_FUNCTION = YES;
				GCC_WARN_UNUSED_VARIABLE = YES;
				IPHONEOS_DEPLOYMENT_TARGET = 14.5;
				MTL_ENABLE_DEBUG_INFO = INCLUDE_SOURCE;
				MTL_FAST_MATH = YES;
				ONLY_ACTIVE_ARCH = YES;
				SDKROOT = iphoneos;
				SWIFT_ACTIVE_COMPILATION_CONDITIONS = DEBUG;
				SWIFT_OPTIMIZATION_LEVEL = "-Onone";
			};
			name = Debug;
		};
		AF7E48CF26D51B6900D55629 /* Release */ = {
			isa = XCBuildConfiguration;
			buildSettings = {
				ALWAYS_SEARCH_USER_PATHS = NO;
				CLANG_ANALYZER_NONNULL = YES;
				CLANG_ANALYZER_NUMBER_OBJECT_CONVERSION = YES_AGGRESSIVE;
				CLANG_CXX_LANGUAGE_STANDARD = "gnu++14";
				CLANG_CXX_LIBRARY = "libc++";
				CLANG_ENABLE_MODULES = YES;
				CLANG_ENABLE_OBJC_ARC = YES;
				CLANG_ENABLE_OBJC_WEAK = YES;
				CLANG_WARN_BLOCK_CAPTURE_AUTORELEASING = YES;
				CLANG_WARN_BOOL_CONVERSION = YES;
				CLANG_WARN_COMMA = YES;
				CLANG_WARN_CONSTANT_CONVERSION = YES;
				CLANG_WARN_DEPRECATED_OBJC_IMPLEMENTATIONS = YES;
				CLANG_WARN_DIRECT_OBJC_ISA_USAGE = YES_ERROR;
				CLANG_WARN_DOCUMENTATION_COMMENTS = YES;
				CLANG_WARN_EMPTY_BODY = YES;
				CLANG_WARN_ENUM_CONVERSION = YES;
				CLANG_WARN_INFINITE_RECURSION = YES;
				CLANG_WARN_INT_CONVERSION = YES;
				CLANG_WARN_NON_LITERAL_NULL_CONVERSION = YES;
				CLANG_WARN_OBJC_IMPLICIT_RETAIN_SELF = YES;
				CLANG_WARN_OBJC_LITERAL_CONVERSION = YES;
				CLANG_WARN_OBJC_ROOT_CLASS = YES_ERROR;
				CLANG_WARN_QUOTED_INCLUDE_IN_FRAMEWORK_HEADER = YES;
				CLANG_WARN_RANGE_LOOP_ANALYSIS = YES;
				CLANG_WARN_STRICT_PROTOTYPES = YES;
				CLANG_WARN_SUSPICIOUS_MOVE = YES;
				CLANG_WARN_UNGUARDED_AVAILABILITY = YES_AGGRESSIVE;
				CLANG_WARN_UNREACHABLE_CODE = YES;
				CLANG_WARN__DUPLICATE_METHOD_MATCH = YES;
				COPY_PHASE_STRIP = NO;
				DEBUG_INFORMATION_FORMAT = "dwarf-with-dsym";
				ENABLE_NS_ASSERTIONS = NO;
				ENABLE_STRICT_OBJC_MSGSEND = YES;
				GCC_C_LANGUAGE_STANDARD = gnu11;
				GCC_NO_COMMON_BLOCKS = YES;
				GCC_WARN_64_TO_32_BIT_CONVERSION = YES;
				GCC_WARN_ABOUT_RETURN_TYPE = YES_ERROR;
				GCC_WARN_UNDECLARED_SELECTOR = YES;
				GCC_WARN_UNINITIALIZED_AUTOS = YES_AGGRESSIVE;
				GCC_WARN_UNUSED_FUNCTION = YES;
				GCC_WARN_UNUSED_VARIABLE = YES;
				IPHONEOS_DEPLOYMENT_TARGET = 14.5;
				MTL_ENABLE_DEBUG_INFO = NO;
				MTL_FAST_MATH = YES;
				SDKROOT = iphoneos;
				SWIFT_COMPILATION_MODE = wholemodule;
				SWIFT_OPTIMIZATION_LEVEL = "-O";
				VALIDATE_PRODUCT = YES;
			};
			name = Release;
		};
		AF7E48D126D51B6900D55629 /* Debug */ = {
			isa = XCBuildConfiguration;
			buildSettings = {
				ASSETCATALOG_COMPILER_APPICON_NAME = AppIcon;
				ASSETCATALOG_COMPILER_GLOBAL_ACCENT_COLOR_NAME = AccentColor;
				CODE_SIGN_STYLE = Automatic;
				DEVELOPMENT_TEAM = Y47Y5YN8TD;
				INFOPLIST_FILE = DemoApp/Info.plist;
				LD_RUNPATH_SEARCH_PATHS = (
					"$(inherited)",
					"@executable_path/Frameworks",
				);
				PRODUCT_BUNDLE_IDENTIFIER = Savhouse.DemoApp;
				PRODUCT_NAME = "$(TARGET_NAME)";
				SWIFT_VERSION = 5.0;
				TARGETED_DEVICE_FAMILY = "1,2";
			};
			name = Debug;
		};
		AF7E48D226D51B6900D55629 /* Release */ = {
			isa = XCBuildConfiguration;
			buildSettings = {
				ASSETCATALOG_COMPILER_APPICON_NAME = AppIcon;
				ASSETCATALOG_COMPILER_GLOBAL_ACCENT_COLOR_NAME = AccentColor;
				CODE_SIGN_STYLE = Automatic;
				DEVELOPMENT_TEAM = Y47Y5YN8TD;
				INFOPLIST_FILE = DemoApp/Info.plist;
				LD_RUNPATH_SEARCH_PATHS = (
					"$(inherited)",
					"@executable_path/Frameworks",
				);
				PRODUCT_BUNDLE_IDENTIFIER = Savhouse.DemoApp;
				PRODUCT_NAME = "$(TARGET_NAME)";
				SWIFT_VERSION = 5.0;
				TARGETED_DEVICE_FAMILY = "1,2";
			};
			name = Release;
		};
		AF7E48D426D51B6900D55629 /* Debug */ = {
			isa = XCBuildConfiguration;
			buildSettings = {
				ALWAYS_EMBED_SWIFT_STANDARD_LIBRARIES = YES;
				BUNDLE_LOADER = "$(TEST_HOST)";
				CODE_SIGN_STYLE = Automatic;
				DEVELOPMENT_TEAM = Y47Y5YN8TD;
				INFOPLIST_FILE = DemoAppTests/Info.plist;
				IPHONEOS_DEPLOYMENT_TARGET = 14.5;
				LD_RUNPATH_SEARCH_PATHS = (
					"$(inherited)",
					"@executable_path/Frameworks",
					"@loader_path/Frameworks",
				);
				PRODUCT_BUNDLE_IDENTIFIER = Savhouse.DemoAppTests;
				PRODUCT_NAME = "$(TARGET_NAME)";
				SWIFT_VERSION = 5.0;
				TARGETED_DEVICE_FAMILY = "1,2";
				TEST_HOST = "$(BUILT_PRODUCTS_DIR)/DemoApp.app/DemoApp";
			};
			name = Debug;
		};
		AF7E48D526D51B6900D55629 /* Release */ = {
			isa = XCBuildConfiguration;
			buildSettings = {
				ALWAYS_EMBED_SWIFT_STANDARD_LIBRARIES = YES;
				BUNDLE_LOADER = "$(TEST_HOST)";
				CODE_SIGN_STYLE = Automatic;
				DEVELOPMENT_TEAM = Y47Y5YN8TD;
				INFOPLIST_FILE = DemoAppTests/Info.plist;
				IPHONEOS_DEPLOYMENT_TARGET = 14.5;
				LD_RUNPATH_SEARCH_PATHS = (
					"$(inherited)",
					"@executable_path/Frameworks",
					"@loader_path/Frameworks",
				);
				PRODUCT_BUNDLE_IDENTIFIER = Savhouse.DemoAppTests;
				PRODUCT_NAME = "$(TARGET_NAME)";
				SWIFT_VERSION = 5.0;
				TARGETED_DEVICE_FAMILY = "1,2";
				TEST_HOST = "$(BUILT_PRODUCTS_DIR)/DemoApp.app/DemoApp";
			};
			name = Release;
		};
		AF7E48D726D51B6900D55629 /* Debug */ = {
			isa = XCBuildConfiguration;
			buildSettings = {
				ALWAYS_EMBED_SWIFT_STANDARD_LIBRARIES = YES;
				CODE_SIGN_STYLE = Automatic;
				DEVELOPMENT_TEAM = Y47Y5YN8TD;
				INFOPLIST_FILE = DemoAppUITests/Info.plist;
				LD_RUNPATH_SEARCH_PATHS = (
					"$(inherited)",
					"@executable_path/Frameworks",
					"@loader_path/Frameworks",
				);
				PRODUCT_BUNDLE_IDENTIFIER = Savhouse.DemoAppUITests;
				PRODUCT_NAME = "$(TARGET_NAME)";
				SWIFT_VERSION = 5.0;
				TARGETED_DEVICE_FAMILY = "1,2";
				TEST_TARGET_NAME = DemoApp;
			};
			name = Debug;
		};
		AF7E48D826D51B6900D55629 /* Release */ = {
			isa = XCBuildConfiguration;
			buildSettings = {
				ALWAYS_EMBED_SWIFT_STANDARD_LIBRARIES = YES;
				CODE_SIGN_STYLE = Automatic;
				DEVELOPMENT_TEAM = Y47Y5YN8TD;
				INFOPLIST_FILE = DemoAppUITests/Info.plist;
				LD_RUNPATH_SEARCH_PATHS = (
					"$(inherited)",
					"@executable_path/Frameworks",
					"@loader_path/Frameworks",
				);
				PRODUCT_BUNDLE_IDENTIFIER = Savhouse.DemoAppUITests;
				PRODUCT_NAME = "$(TARGET_NAME)";
				SWIFT_VERSION = 5.0;
				TARGETED_DEVICE_FAMILY = "1,2";
				TEST_TARGET_NAME = DemoApp;
			};
			name = Release;
		};
/* End XCBuildConfiguration section */

/* Begin XCConfigurationList section */
		AF7E489E26D51B6500D55629 /* Build configuration list for PBXProject "DemoApp" */ = {
			isa = XCConfigurationList;
			buildConfigurations = (
				AF7E48CE26D51B6900D55629 /* Debug */,
				AF7E48CF26D51B6900D55629 /* Release */,
			);
			defaultConfigurationIsVisible = 0;
			defaultConfigurationName = Release;
		};
		AF7E48D026D51B6900D55629 /* Build configuration list for PBXNativeTarget "DemoApp" */ = {
			isa = XCConfigurationList;
			buildConfigurations = (
				AF7E48D126D51B6900D55629 /* Debug */,
				AF7E48D226D51B6900D55629 /* Release */,
			);
			defaultConfigurationIsVisible = 0;
			defaultConfigurationName = Release;
		};
		AF7E48D326D51B6900D55629 /* Build configuration list for PBXNativeTarget "DemoAppTests" */ = {
			isa = XCConfigurationList;
			buildConfigurations = (
				AF7E48D426D51B6900D55629 /* Debug */,
				AF7E48D526D51B6900D55629 /* Release */,
			);
			defaultConfigurationIsVisible = 0;
			defaultConfigurationName = Release;
		};
		AF7E48D626D51B6900D55629 /* Build configuration list for PBXNativeTarget "DemoAppUITests" */ = {
			isa = XCConfigurationList;
			buildConfigurations = (
				AF7E48D726D51B6900D55629 /* Debug */,
				AF7E48D826D51B6900D55629 /* Release */,
			);
			defaultConfigurationIsVisible = 0;
			defaultConfigurationName = Release;
		};
/* End XCConfigurationList section */

/* Begin XCVersionGroup section */
		AF7E48AF26D51B6500D55629 /* DemoApp.xcdatamodeld */ = {
			isa = XCVersionGroup;
			children = (
				AF7E48B026D51B6500D55629 /* DemoApp.xcdatamodel */,
			);
			currentVersion = AF7E48B026D51B6500D55629 /* DemoApp.xcdatamodel */;
			path = DemoApp.xcdatamodeld;
			sourceTree = "<group>";
			versionGroupType = wrapper.xcdatamodel;
		};
/* End XCVersionGroup section */
	};
	rootObject = AF7E489B26D51B6500D55629 /* Project object */;
}
